
Microsoft Visual Studio Solution File, Format Version 12.00
# Visual Studio Version 17
VisualStudioVersion = 17.11.35327.3
MinimumVisualStudioVersion = 10.0.40219.1
Project("{FAE04EC0-301F-11D3-BF4B-00C04F79EFBC}") = "Tree", "Tree\Tree.csproj", "{364E8EA5-7D5A-43A9-AAAB-947FA00539A3}"
EndProject
Global
	GlobalSection(SolutionConfigurationPlatforms) = preSolution
		Debug|Any CPU = Debug|Any CPU
		Release|Any CPU = Release|Any CPU
	EndGlobalSection
	GlobalSection(ProjectConfigurationPlatforms) = postSolution
		{364E8EA5-7D5A-43A9-AAAB-947FA00539A3}.Debug|Any CPU.ActiveCfg = Debug|Any CPU
		{364E8EA5-7D5A-43A9-AAAB-947FA00539A3}.Debug|Any CPU.Build.0 = Debug|Any CPU
		{364E8EA5-7D5A-43A9-AAAB-947FA00539A3}.Release|Any CPU.ActiveCfg = Release|Any CPU
		{364E8EA5-7D5A-43A9-AAAB-947FA00539A3}.Release|Any CPU.Build.0 = Release|Any CPU
	EndGlobalSection
	GlobalSection(SolutionProperties) = preSolution
		HideSolutionNode = FALSE
	EndGlobalSection
	GlobalSection(ExtensibilityGlobals) = postSolution
		SolutionGuid = {73C58FC3-F2B1-43FF-945C-F8E835C43A8B}
	EndGlobalSection
EndGlobal
